
Microsoft Visual Studio Solution File, Format Version 12.00
# Visual Studio Version 16
VisualStudioVersion = 16.0.30907.101
MinimumVisualStudioVersion = 10.0.40219.1
Project("{9A19103F-16F7-4668-BE54-9A1E7A4F7556}") = "FacadePattern", "FacadePattern\FacadePattern.csproj", "{8AC3DC09-7680-4B2F-9978-914B0F90B6A3}"
EndProject
Project("{9A19103F-16F7-4668-BE54-9A1E7A4F7556}") = "Singleton", "Singleton\Singleton.csproj", "{20372975-6791-4204-8D17-4F4C8017A866}"
EndProject
Project("{9A19103F-16F7-4668-BE54-9A1E7A4F7556}") = "Factory", "Factory\Factory.csproj", "{B6D86E9E-4D4A-4E18-BF46-7B933D0CFAA1}"
EndProject
Project("{9A19103F-16F7-4668-BE54-9A1E7A4F7556}") = "AbstractFactory", "AbstractFactory\AbstractFactory.csproj", "{4FF127B2-E26B-4AE0-A068-177D04A43C91}"
EndProject
Project("{9A19103F-16F7-4668-BE54-9A1E7A4F7556}") = "Builder", "Builder\Builder.csproj", "{C9585E70-69B2-411E-82DC-BA644A8439AE}"
EndProject
Project("{9A19103F-16F7-4668-BE54-9A1E7A4F7556}") = "Adapter", "Adapter\Adapter.csproj", "{DF6EF9F4-B946-4CE8-9A41-CF77E8C461CE}"
EndProject
Project("{FAE04EC0-301F-11D3-BF4B-00C04F79EFBC}") = "Bridge", "Bridge\Bridge.csproj", "{2390DD59-0FB2-453C-893E-D47F96748A9E}"
EndProject
Global
	GlobalSection(SolutionConfigurationPlatforms) = preSolution
		Debug|Any CPU = Debug|Any CPU
		Release|Any CPU = Release|Any CPU
	EndGlobalSection
	GlobalSection(ProjectConfigurationPlatforms) = postSolution
		{8AC3DC09-7680-4B2F-9978-914B0F90B6A3}.Debug|Any CPU.ActiveCfg = Debug|Any CPU
		{8AC3DC09-7680-4B2F-9978-914B0F90B6A3}.Debug|Any CPU.Build.0 = Debug|Any CPU
		{8AC3DC09-7680-4B2F-9978-914B0F90B6A3}.Release|Any CPU.ActiveCfg = Release|Any CPU
		{8AC3DC09-7680-4B2F-9978-914B0F90B6A3}.Release|Any CPU.Build.0 = Release|Any CPU
		{20372975-6791-4204-8D17-4F4C8017A866}.Debug|Any CPU.ActiveCfg = Debug|Any CPU
		{20372975-6791-4204-8D17-4F4C8017A866}.Debug|Any CPU.Build.0 = Debug|Any CPU
		{20372975-6791-4204-8D17-4F4C8017A866}.Release|Any CPU.ActiveCfg = Release|Any CPU
		{20372975-6791-4204-8D17-4F4C8017A866}.Release|Any CPU.Build.0 = Release|Any CPU
		{B6D86E9E-4D4A-4E18-BF46-7B933D0CFAA1}.Debug|Any CPU.ActiveCfg = Debug|Any CPU
		{B6D86E9E-4D4A-4E18-BF46-7B933D0CFAA1}.Debug|Any CPU.Build.0 = Debug|Any CPU
		{B6D86E9E-4D4A-4E18-BF46-7B933D0CFAA1}.Release|Any CPU.ActiveCfg = Release|Any CPU
		{B6D86E9E-4D4A-4E18-BF46-7B933D0CFAA1}.Release|Any CPU.Build.0 = Release|Any CPU
		{4FF127B2-E26B-4AE0-A068-177D04A43C91}.Debug|Any CPU.ActiveCfg = Debug|Any CPU
		{4FF127B2-E26B-4AE0-A068-177D04A43C91}.Debug|Any CPU.Build.0 = Debug|Any CPU
		{4FF127B2-E26B-4AE0-A068-177D04A43C91}.Release|Any CPU.ActiveCfg = Release|Any CPU
		{4FF127B2-E26B-4AE0-A068-177D04A43C91}.Release|Any CPU.Build.0 = Release|Any CPU
		{C9585E70-69B2-411E-82DC-BA644A8439AE}.Debug|Any CPU.ActiveCfg = Debug|Any CPU
		{C9585E70-69B2-411E-82DC-BA644A8439AE}.Debug|Any CPU.Build.0 = Debug|Any CPU
		{C9585E70-69B2-411E-82DC-BA644A8439AE}.Release|Any CPU.ActiveCfg = Release|Any CPU
		{C9585E70-69B2-411E-82DC-BA644A8439AE}.Release|Any CPU.Build.0 = Release|Any CPU
		{DF6EF9F4-B946-4CE8-9A41-CF77E8C461CE}.Debug|Any CPU.ActiveCfg = Debug|Any CPU
		{DF6EF9F4-B946-4CE8-9A41-CF77E8C461CE}.Debug|Any CPU.Build.0 = Debug|Any CPU
		{DF6EF9F4-B946-4CE8-9A41-CF77E8C461CE}.Release|Any CPU.ActiveCfg = Release|Any CPU
		{DF6EF9F4-B946-4CE8-9A41-CF77E8C461CE}.Release|Any CPU.Build.0 = Release|Any CPU
		{2390DD59-0FB2-453C-893E-D47F96748A9E}.Debug|Any CPU.ActiveCfg = Debug|Any CPU
		{2390DD59-0FB2-453C-893E-D47F96748A9E}.Debug|Any CPU.Build.0 = Debug|Any CPU
		{2390DD59-0FB2-453C-893E-D47F96748A9E}.Release|Any CPU.ActiveCfg = Release|Any CPU
		{2390DD59-0FB2-453C-893E-D47F96748A9E}.Release|Any CPU.Build.0 = Release|Any CPU
	EndGlobalSection
	GlobalSection(SolutionProperties) = preSolution
		HideSolutionNode = FALSE
	EndGlobalSection
	GlobalSection(ExtensibilityGlobals) = postSolution
		SolutionGuid = {E9F47EFC-8C1D-4A41-88AB-A33160120BCE}
	EndGlobalSection
EndGlobal
